{
  "requires": true,
  "lockfileVersion": 1,
  "dependencies": {
    "kony-timeout-polyfill": {
      "version": "1.1.2",
      "resolved": "https://registry.npmjs.org/kony-timeout-polyfill/-/kony-timeout-polyfill-1.1.2.tgz",
      "integrity": "sha512-8WorfvzTQd5iLTkvIxbWOR86sRsN8pJPbXl9Yy1jr/S51ERsZgLVHep8SYkQ7AFjCgcBfNABUFO09CYGvBiteg=="
    },
    "kronin": {
      "version": "2.0.0-rc1",
      "resolved": "https://registry.npmjs.org/kronin/-/kronin-2.0.0-rc1.tgz",
      "integrity": "sha512-fARTrhPToH1+fozMGa8N7Dh6LsmettKXn7/vK0n++QpEp9WfJsBSZyQQsdTx9hQE0ytE+EhsSanOoGVZ8RLlTg=="
    }
  }
}
