{
  "requires": true,
  "lockfileVersion": 1,
  "dependencies": {
    "kronin": {
      "version": "1.1.0-rc4",
      "resolved": "https://registry.npmjs.org/kronin/-/kronin-1.1.0-rc4.tgz",
      "integrity": "sha512-KRfzKV/VKYs53afYYSNSA2B8851y62jqvSbE8tnbjh6Uc42aqdcDPlBPw2tMu2fo6PSEjfyMeHq7vi9c5g9tiQ=="
    }
  }
}
